PODS:
  - SDWebImage (5.12.3):
    - SDWebImage/Core (= 5.12.3)
  - SDWebImage/Core (5.12.3)
  - TTGTagCollectionView (2.1.0)

DEPENDENCIES:
  - SDWebImage
  - TTGTagCollectionView

SPEC REPOS:
  trunk:
    - SDWebImage
    - TTGTagCollectionView

SPEC CHECKSUMS:
  SDWebImage: 53179a2dba77246efa8a9b85f5c5b21f8f43e38f
  TTGTagCollectionView: a2a8668c659b39e7a6ffd6590475ea53a7ae95f7

PODFILE CHECKSUM: bd84d9b33f5d01768d449827e37ffd29940b0b5f

COCOAPODS: 1.11.2
